
Microsoft Visual Studio Solution File, Format Version 12.00
# Visual Studio Version 16
VisualStudioVersion = 16.0.33214.272
MinimumVisualStudioVersion = 10.0.40219.1
Project("{FAE04EC0-301F-11D3-BF4B-00C04F79EFBC}") = "AV_MVC1", "AV_MVC1\AV_MVC1.csproj", "{243CBD8A-6DAD-4001-B504-4A5394CBE581}"
EndProject
Global
	GlobalSection(SolutionConfigurationPlatforms) = preSolution
		Debug|Any CPU = Debug|Any CPU
		Release|Any CPU = Release|Any CPU
	EndGlobalSection
	GlobalSection(ProjectConfigurationPlatforms) = postSolution
		{243CBD8A-6DAD-4001-B504-4A5394CBE581}.Debug|Any CPU.ActiveCfg = Debug|Any CPU
		{243CBD8A-6DAD-4001-B504-4A5394CBE581}.Debug|Any CPU.Build.0 = Debug|Any CPU
		{243CBD8A-6DAD-4001-B504-4A5394CBE581}.Release|Any CPU.ActiveCfg = Release|Any CPU
		{243CBD8A-6DAD-4001-B504-4A5394CBE581}.Release|Any CPU.Build.0 = Release|Any CPU
	EndGlobalSection
	GlobalSection(SolutionProperties) = preSolution
		HideSolutionNode = FALSE
	EndGlobalSection
	GlobalSection(ExtensibilityGlobals) = postSolution
		SolutionGuid = {BC83C75B-4CED-48FA-9A26-4028424E2F6A}
	EndGlobalSection
EndGlobal
